
Microsoft Visual Studio Solution File, Format Version 12.00
# Visual Studio Version 17
VisualStudioVersion = 17.2.32630.192
MinimumVisualStudioVersion = 10.0.40219.1
Project("{9A19103F-16F7-4668-BE54-9A1E7A4F7556}") = "OnlineDataBuilder", "OnlineDataBuilder\OnlineDataBuilder.csproj", "{C396E12B-B263-45FD-8EA5-BC482BE17C41}"
EndProject
Project("{9A19103F-16F7-4668-BE54-9A1E7A4F7556}") = "ModalLayer", "ModalLayer\ModalLayer.csproj", "{944B41E2-6A25-4223-89BA-D37DAE9F47EE}"
EndProject
Project("{9A19103F-16F7-4668-BE54-9A1E7A4F7556}") = "ServiceLayer", "ServiceLayer\ServiceLayer.csproj", "{2A245853-7044-4066-A11B-2D8A100A25AC}"
EndProject
Project("{9A19103F-16F7-4668-BE54-9A1E7A4F7556}") = "BottomhalfCore", "BottomhalfCore\BottomhalfCore.csproj", "{38CC1ACD-E900-48A1-97BF-BF664AD4B79B}"
EndProject
Project("{2150E333-8FDC-42A3-9474-1A3956D46DE8}") = "Services", "Services", "{52EFC9F9-2D3D-45B0-85D7-DF99F375E7EE}"
EndProject
Project("{9A19103F-16F7-4668-BE54-9A1E7A4F7556}") = "DocMaker", "DocMaker\DocMaker.csproj", "{C37A96DE-8203-4140-AC23-13D388D60AF4}"
EndProject
Project("{9A19103F-16F7-4668-BE54-9A1E7A4F7556}") = "TrackEmployees", "TrackEmployees\TrackEmployees.csproj", "{F0E14FBB-786B-49B5-A117-6E86B674A4E8}"
EndProject
Project("{9A19103F-16F7-4668-BE54-9A1E7A4F7556}") = "EMailService", "EMailService\EMailService.csproj", "{350C95A4-87EF-4BC1-A5B1-442FDFAB2F9E}"
EndProject
Project("{9A19103F-16F7-4668-BE54-9A1E7A4F7556}") = "SocialMediaServices", "SocialMediaServices\SocialMediaServices.csproj", "{5CB52B98-4A30-4266-B825-89CA80DDCDE9}"
EndProject
Project("{9A19103F-16F7-4668-BE54-9A1E7A4F7556}") = "MultiTypeDocumentConverter", "MultiTypeDocumentConverter\MultiTypeDocumentConverter.csproj", "{AD7BCA78-5BD2-4033-B443-127BC2ABDF03}"
EndProject
Project("{2150E333-8FDC-42A3-9474-1A3956D46DE8}") = "DocxToHtml", "DocxToHtml", "{51C9FFA5-6261-4F4B-8E00-5CADCE516D3C}"
EndProject
Project("{9A19103F-16F7-4668-BE54-9A1E7A4F7556}") = "HtmlConverter", "DocxToHtml\HtmlConverter\HtmlConverter.csproj", "{F9BC3B7D-6D8D-4442-A08C-6BDD5AC9A269}"
EndProject
Project("{9A19103F-16F7-4668-BE54-9A1E7A4F7556}") = "OpenXmlPowerTools", "DocxToHtml\OpenXmlPowerTools\OpenXmlPowerTools.csproj", "{D24247B4-15A2-4AE6-8404-CD706042451D}"
EndProject
Project("{9A19103F-16F7-4668-BE54-9A1E7A4F7556}") = "Bot.DOMConverter", "Bot.DOMConverter\Bot.DOMConverter\Bot.DOMConverter.csproj", "{9D571B0F-00AE-4661-85B5-7782603DBBAF}"
EndProject
Global
	GlobalSection(SolutionConfigurationPlatforms) = preSolution
		Debug|Any CPU = Debug|Any CPU
		Release|Any CPU = Release|Any CPU
	EndGlobalSection
	GlobalSection(ProjectConfigurationPlatforms) = postSolution
		{C396E12B-B263-45FD-8EA5-BC482BE17C41}.Debug|Any CPU.ActiveCfg = Debug|Any CPU
		{C396E12B-B263-45FD-8EA5-BC482BE17C41}.Debug|Any CPU.Build.0 = Debug|Any CPU
		{C396E12B-B263-45FD-8EA5-BC482BE17C41}.Release|Any CPU.ActiveCfg = Release|Any CPU
		{C396E12B-B263-45FD-8EA5-BC482BE17C41}.Release|Any CPU.Build.0 = Release|Any CPU
		{944B41E2-6A25-4223-89BA-D37DAE9F47EE}.Debug|Any CPU.ActiveCfg = Debug|Any CPU
		{944B41E2-6A25-4223-89BA-D37DAE9F47EE}.Debug|Any CPU.Build.0 = Debug|Any CPU
		{944B41E2-6A25-4223-89BA-D37DAE9F47EE}.Release|Any CPU.ActiveCfg = Release|Any CPU
		{944B41E2-6A25-4223-89BA-D37DAE9F47EE}.Release|Any CPU.Build.0 = Release|Any CPU
		{2A245853-7044-4066-A11B-2D8A100A25AC}.Debug|Any CPU.ActiveCfg = Debug|Any CPU
		{2A245853-7044-4066-A11B-2D8A100A25AC}.Debug|Any CPU.Build.0 = Debug|Any CPU
		{2A245853-7044-4066-A11B-2D8A100A25AC}.Release|Any CPU.ActiveCfg = Release|Any CPU
		{2A245853-7044-4066-A11B-2D8A100A25AC}.Release|Any CPU.Build.0 = Release|Any CPU
		{38CC1ACD-E900-48A1-97BF-BF664AD4B79B}.Debug|Any CPU.ActiveCfg = Debug|Any CPU
		{38CC1ACD-E900-48A1-97BF-BF664AD4B79B}.Debug|Any CPU.Build.0 = Debug|Any CPU
		{38CC1ACD-E900-48A1-97BF-BF664AD4B79B}.Release|Any CPU.ActiveCfg = Release|Any CPU
		{38CC1ACD-E900-48A1-97BF-BF664AD4B79B}.Release|Any CPU.Build.0 = Release|Any CPU
		{C37A96DE-8203-4140-AC23-13D388D60AF4}.Debug|Any CPU.ActiveCfg = Debug|Any CPU
		{C37A96DE-8203-4140-AC23-13D388D60AF4}.Debug|Any CPU.Build.0 = Debug|Any CPU
		{C37A96DE-8203-4140-AC23-13D388D60AF4}.Release|Any CPU.ActiveCfg = Release|Any CPU
		{C37A96DE-8203-4140-AC23-13D388D60AF4}.Release|Any CPU.Build.0 = Release|Any CPU
		{F0E14FBB-786B-49B5-A117-6E86B674A4E8}.Debug|Any CPU.ActiveCfg = Debug|Any CPU
		{F0E14FBB-786B-49B5-A117-6E86B674A4E8}.Debug|Any CPU.Build.0 = Debug|Any CPU
		{F0E14FBB-786B-49B5-A117-6E86B674A4E8}.Release|Any CPU.ActiveCfg = Release|Any CPU
		{F0E14FBB-786B-49B5-A117-6E86B674A4E8}.Release|Any CPU.Build.0 = Release|Any CPU
		{350C95A4-87EF-4BC1-A5B1-442FDFAB2F9E}.Debug|Any CPU.ActiveCfg = Debug|Any CPU
		{350C95A4-87EF-4BC1-A5B1-442FDFAB2F9E}.Debug|Any CPU.Build.0 = Debug|Any CPU
		{350C95A4-87EF-4BC1-A5B1-442FDFAB2F9E}.Release|Any CPU.ActiveCfg = Release|Any CPU
		{350C95A4-87EF-4BC1-A5B1-442FDFAB2F9E}.Release|Any CPU.Build.0 = Release|Any CPU
		{5CB52B98-4A30-4266-B825-89CA80DDCDE9}.Debug|Any CPU.ActiveCfg = Debug|Any CPU
		{5CB52B98-4A30-4266-B825-89CA80DDCDE9}.Debug|Any CPU.Build.0 = Debug|Any CPU
		{5CB52B98-4A30-4266-B825-89CA80DDCDE9}.Release|Any CPU.ActiveCfg = Release|Any CPU
		{5CB52B98-4A30-4266-B825-89CA80DDCDE9}.Release|Any CPU.Build.0 = Release|Any CPU
		{AD7BCA78-5BD2-4033-B443-127BC2ABDF03}.Debug|Any CPU.ActiveCfg = Debug|Any CPU
		{AD7BCA78-5BD2-4033-B443-127BC2ABDF03}.Debug|Any CPU.Build.0 = Debug|Any CPU
		{AD7BCA78-5BD2-4033-B443-127BC2ABDF03}.Release|Any CPU.ActiveCfg = Release|Any CPU
		{AD7BCA78-5BD2-4033-B443-127BC2ABDF03}.Release|Any CPU.Build.0 = Release|Any CPU
		{F9BC3B7D-6D8D-4442-A08C-6BDD5AC9A269}.Debug|Any CPU.ActiveCfg = Debug|Any CPU
		{F9BC3B7D-6D8D-4442-A08C-6BDD5AC9A269}.Debug|Any CPU.Build.0 = Debug|Any CPU
		{F9BC3B7D-6D8D-4442-A08C-6BDD5AC9A269}.Release|Any CPU.ActiveCfg = Release|Any CPU
		{F9BC3B7D-6D8D-4442-A08C-6BDD5AC9A269}.Release|Any CPU.Build.0 = Release|Any CPU
		{D24247B4-15A2-4AE6-8404-CD706042451D}.Debug|Any CPU.ActiveCfg = Debug|Any CPU
		{D24247B4-15A2-4AE6-8404-CD706042451D}.Debug|Any CPU.Build.0 = Debug|Any CPU
		{D24247B4-15A2-4AE6-8404-CD706042451D}.Release|Any CPU.ActiveCfg = Release|Any CPU
		{D24247B4-15A2-4AE6-8404-CD706042451D}.Release|Any CPU.Build.0 = Release|Any CPU
		{9D571B0F-00AE-4661-85B5-7782603DBBAF}.Debug|Any CPU.ActiveCfg = Debug|Any CPU
		{9D571B0F-00AE-4661-85B5-7782603DBBAF}.Debug|Any CPU.Build.0 = Debug|Any CPU
		{9D571B0F-00AE-4661-85B5-7782603DBBAF}.Release|Any CPU.ActiveCfg = Release|Any CPU
		{9D571B0F-00AE-4661-85B5-7782603DBBAF}.Release|Any CPU.Build.0 = Release|Any CPU
	EndGlobalSection
	GlobalSection(SolutionProperties) = preSolution
		HideSolutionNode = FALSE
	EndGlobalSection
	GlobalSection(NestedProjects) = preSolution
		{C37A96DE-8203-4140-AC23-13D388D60AF4} = {52EFC9F9-2D3D-45B0-85D7-DF99F375E7EE}
		{F0E14FBB-786B-49B5-A117-6E86B674A4E8} = {52EFC9F9-2D3D-45B0-85D7-DF99F375E7EE}
		{350C95A4-87EF-4BC1-A5B1-442FDFAB2F9E} = {52EFC9F9-2D3D-45B0-85D7-DF99F375E7EE}
		{5CB52B98-4A30-4266-B825-89CA80DDCDE9} = {52EFC9F9-2D3D-45B0-85D7-DF99F375E7EE}
		{AD7BCA78-5BD2-4033-B443-127BC2ABDF03} = {52EFC9F9-2D3D-45B0-85D7-DF99F375E7EE}
		{F9BC3B7D-6D8D-4442-A08C-6BDD5AC9A269} = {51C9FFA5-6261-4F4B-8E00-5CADCE516D3C}
		{D24247B4-15A2-4AE6-8404-CD706042451D} = {51C9FFA5-6261-4F4B-8E00-5CADCE516D3C}
		{9D571B0F-00AE-4661-85B5-7782603DBBAF} = {52EFC9F9-2D3D-45B0-85D7-DF99F375E7EE}
	EndGlobalSection
	GlobalSection(ExtensibilityGlobals) = postSolution
		SolutionGuid = {59D2017D-7EB2-4A95-97E9-127AD521F735}
	EndGlobalSection
EndGlobal
