
Microsoft Visual Studio Solution File, Format Version 12.00
# Visual Studio Version 16
VisualStudioVersion = 16.0.31129.286
MinimumVisualStudioVersion = 10.0.40219.1
Project("{FAE04EC0-301F-11D3-BF4B-00C04F79EFBC}") = "Bot.DOMConverter", "Bot.DOMConverter\Bot.DOMConverter.csproj", "{603DB270-0DCB-409A-93BF-D997ABBF536A}"
EndProject
Global
	GlobalSection(SolutionConfigurationPlatforms) = preSolution
		Debug|Any CPU = Debug|Any CPU
		Release|Any CPU = Release|Any CPU
	EndGlobalSection
	GlobalSection(ProjectConfigurationPlatforms) = postSolution
		{603DB270-0DCB-409A-93BF-D997ABBF536A}.Debug|Any CPU.ActiveCfg = Debug|Any CPU
		{603DB270-0DCB-409A-93BF-D997ABBF536A}.Debug|Any CPU.Build.0 = Debug|Any CPU
		{603DB270-0DCB-409A-93BF-D997ABBF536A}.Release|Any CPU.ActiveCfg = Release|Any CPU
		{603DB270-0DCB-409A-93BF-D997ABBF536A}.Release|Any CPU.Build.0 = Release|Any CPU
		{1A54FB60-AC0F-4E3E-8DA5-AADF9317279D}.Debug|Any CPU.ActiveCfg = Debug|Any CPU
		{1A54FB60-AC0F-4E3E-8DA5-AADF9317279D}.Debug|Any CPU.Build.0 = Debug|Any CPU
		{1A54FB60-AC0F-4E3E-8DA5-AADF9317279D}.Release|Any CPU.ActiveCfg = Release|Any CPU
		{1A54FB60-AC0F-4E3E-8DA5-AADF9317279D}.Release|Any CPU.Build.0 = Release|Any CPU
	EndGlobalSection
	GlobalSection(SolutionProperties) = preSolution
		HideSolutionNode = FALSE
	EndGlobalSection
	GlobalSection(ExtensibilityGlobals) = postSolution
		SolutionGuid = {E4903D34-E13C-45A2-9FEC-12E945FF54D7}
	EndGlobalSection
EndGlobal
